
Microsoft Visual Studio Solution File, Format Version 12.00
# Visual Studio Version 17
VisualStudioVersion = 17.2.32602.215
MinimumVisualStudioVersion = 10.0.40219.1
Project("{FAE04EC0-301F-11D3-BF4B-00C04F79EFBC}") = "PrimeiroProjetoOO", "OrientacaoObjeto\PrimeiroProjetoOO.csproj", "{97523706-1FBC-4261-9ED9-F9CF7A0F16A5}"
EndProject
Project("{2150E333-8FDC-42A3-9474-1A3956D46DE8}") = "Primeiros Projetos Orientados a Objeto", "Primeiros Projetos Orientados a Objeto", "{8E391CC7-B26D-41ED-BAC8-0EE5F926B050}"
EndProject
Project("{FAE04EC0-301F-11D3-BF4B-00C04F79EFBC}") = "CadastroPessoa", "CadastroPessoa\CadastroPessoa.csproj", "{3540179D-A33B-4816-B973-A1C701450030}"
EndProject
Global
	GlobalSection(SolutionConfigurationPlatforms) = preSolution
		Debug|Any CPU = Debug|Any CPU
		Release|Any CPU = Release|Any CPU
	EndGlobalSection
	GlobalSection(ProjectConfigurationPlatforms) = postSolution
		{97523706-1FBC-4261-9ED9-F9CF7A0F16A5}.Debug|Any CPU.ActiveCfg = Debug|Any CPU
		{97523706-1FBC-4261-9ED9-F9CF7A0F16A5}.Debug|Any CPU.Build.0 = Debug|Any CPU
		{97523706-1FBC-4261-9ED9-F9CF7A0F16A5}.Release|Any CPU.ActiveCfg = Release|Any CPU
		{97523706-1FBC-4261-9ED9-F9CF7A0F16A5}.Release|Any CPU.Build.0 = Release|Any CPU
		{3540179D-A33B-4816-B973-A1C701450030}.Debug|Any CPU.ActiveCfg = Debug|Any CPU
		{3540179D-A33B-4816-B973-A1C701450030}.Debug|Any CPU.Build.0 = Debug|Any CPU
		{3540179D-A33B-4816-B973-A1C701450030}.Release|Any CPU.ActiveCfg = Release|Any CPU
		{3540179D-A33B-4816-B973-A1C701450030}.Release|Any CPU.Build.0 = Release|Any CPU
	EndGlobalSection
	GlobalSection(SolutionProperties) = preSolution
		HideSolutionNode = FALSE
	EndGlobalSection
	GlobalSection(NestedProjects) = preSolution
		{97523706-1FBC-4261-9ED9-F9CF7A0F16A5} = {8E391CC7-B26D-41ED-BAC8-0EE5F926B050}
	EndGlobalSection
	GlobalSection(ExtensibilityGlobals) = postSolution
		SolutionGuid = {0FA70F02-2BC1-468C-B018-56F751777316}
	EndGlobalSection
EndGlobal
