
Microsoft Visual Studio Solution File, Format Version 12.00
# Visual Studio Version 17
VisualStudioVersion = 17.2.32602.215
MinimumVisualStudioVersion = 10.0.40219.1
Project("{9A19103F-16F7-4668-BE54-9A1E7A4F7556}") = "AreaTriangulo", "OrientacaoObjeto\AreaTriangulo.csproj", "{97523706-1FBC-4261-9ED9-F9CF7A0F16A5}"
EndProject
Project("{2150E333-8FDC-42A3-9474-1A3956D46DE8}") = "Primeiros Projetos Orientados a Objeto", "Primeiros Projetos Orientados a Objeto", "{8E391CC7-B26D-41ED-BAC8-0EE5F926B050}"
EndProject
Project("{9A19103F-16F7-4668-BE54-9A1E7A4F7556}") = "CadastroPessoa", "CadastroPessoa\CadastroPessoa.csproj", "{3540179D-A33B-4816-B973-A1C701450030}"
EndProject
Project("{9A19103F-16F7-4668-BE54-9A1E7A4F7556}") = "SalarioFuncionario", "SalarioFuncionario\SalarioFuncionario.csproj", "{F418A574-42A1-4069-8D14-3657FAC6F825}"
EndProject
Project("{9A19103F-16F7-4668-BE54-9A1E7A4F7556}") = "CadastroProduto", "CadastroProduto\CadastroProduto.csproj", "{B92C779E-8EF4-48BE-8561-8C982744D239}"
EndProject
Project("{9A19103F-16F7-4668-BE54-9A1E7A4F7556}") = "DadosRetangulo", "DadosRetangulo\DadosRetangulo.csproj", "{F77D52CE-BEB9-47B7-BDE5-1B26D72B80A8}"
EndProject
Project("{9A19103F-16F7-4668-BE54-9A1E7A4F7556}") = "AumentoFuncionario", "AumentoFuncionario\AumentoFuncionario.csproj", "{2EDD5612-AFB6-4B9E-8B90-442A6025C7E7}"
EndProject
Project("{9A19103F-16F7-4668-BE54-9A1E7A4F7556}") = "StatusAluno", "StatusAluno\StatusAluno.csproj", "{841DA1D6-8952-4D5C-B3F5-C2923A9F9423}"
EndProject
Project("{9A19103F-16F7-4668-BE54-9A1E7A4F7556}") = "ConversorMoeda", "ConversorMoeda\ConversorMoeda.csproj", "{035D5E22-9578-410C-ACFD-93DBD2D29D36}"
EndProject
Project("{9A19103F-16F7-4668-BE54-9A1E7A4F7556}") = "ContaBancaria", "ContaBancaria\ContaBancaria.csproj", "{8D1AE5EE-FA89-4658-B514-F63B7C5FA6A0}"
EndProject
Project("{9A19103F-16F7-4668-BE54-9A1E7A4F7556}") = "VetorProduto", "VetorProduto\VetorProduto.csproj", "{7D35BF90-3974-453D-946A-BF10F53019E8}"
EndProject
Project("{9A19103F-16F7-4668-BE54-9A1E7A4F7556}") = "Calculadora", "Calculadora\Calculadora.csproj", "{A818F0ED-1FF7-47D8-82D2-6986A8E71B0C}"
EndProject
Project("{9A19103F-16F7-4668-BE54-9A1E7A4F7556}") = "Pensaionato", "Pensaionato\Pensaionato.csproj", "{0A28223C-4183-4CDB-9C1A-0614DCB1FBA9}"
EndProject
Project("{9A19103F-16F7-4668-BE54-9A1E7A4F7556}") = "Calculator", "Calculator\Calculator.csproj", "{1EC489C1-8930-4E41-9AB0-3A6B3870E8D8}"
EndProject
Project("{9A19103F-16F7-4668-BE54-9A1E7A4F7556}") = "Lista", "Lista\Lista.csproj", "{42686B83-3DFA-49C0-9CB2-E20D098B1142}"
EndProject
Project("{9A19103F-16F7-4668-BE54-9A1E7A4F7556}") = "ListaFuncionario", "ListaFuncionario\ListaFuncionario.csproj", "{0B3C5FB4-DD29-49BB-AD8E-8BACC2C048CA}"
EndProject
Project("{FAE04EC0-301F-11D3-BF4B-00C04F79EFBC}") = "CadastroProdutoLista", "CadastroProdutoLista\CadastroProdutoLista.csproj", "{6B41C526-4280-46D9-BE3B-E3986783C667}"
EndProject
Global
	GlobalSection(SolutionConfigurationPlatforms) = preSolution
		Debug|Any CPU = Debug|Any CPU
		Release|Any CPU = Release|Any CPU
	EndGlobalSection
	GlobalSection(ProjectConfigurationPlatforms) = postSolution
		{97523706-1FBC-4261-9ED9-F9CF7A0F16A5}.Debug|Any CPU.ActiveCfg = Debug|Any CPU
		{97523706-1FBC-4261-9ED9-F9CF7A0F16A5}.Debug|Any CPU.Build.0 = Debug|Any CPU
		{97523706-1FBC-4261-9ED9-F9CF7A0F16A5}.Release|Any CPU.ActiveCfg = Release|Any CPU
		{97523706-1FBC-4261-9ED9-F9CF7A0F16A5}.Release|Any CPU.Build.0 = Release|Any CPU
		{3540179D-A33B-4816-B973-A1C701450030}.Debug|Any CPU.ActiveCfg = Debug|Any CPU
		{3540179D-A33B-4816-B973-A1C701450030}.Debug|Any CPU.Build.0 = Debug|Any CPU
		{3540179D-A33B-4816-B973-A1C701450030}.Release|Any CPU.ActiveCfg = Release|Any CPU
		{3540179D-A33B-4816-B973-A1C701450030}.Release|Any CPU.Build.0 = Release|Any CPU
		{F418A574-42A1-4069-8D14-3657FAC6F825}.Debug|Any CPU.ActiveCfg = Debug|Any CPU
		{F418A574-42A1-4069-8D14-3657FAC6F825}.Debug|Any CPU.Build.0 = Debug|Any CPU
		{F418A574-42A1-4069-8D14-3657FAC6F825}.Release|Any CPU.ActiveCfg = Release|Any CPU
		{F418A574-42A1-4069-8D14-3657FAC6F825}.Release|Any CPU.Build.0 = Release|Any CPU
		{B92C779E-8EF4-48BE-8561-8C982744D239}.Debug|Any CPU.ActiveCfg = Debug|Any CPU
		{B92C779E-8EF4-48BE-8561-8C982744D239}.Debug|Any CPU.Build.0 = Debug|Any CPU
		{B92C779E-8EF4-48BE-8561-8C982744D239}.Release|Any CPU.ActiveCfg = Release|Any CPU
		{B92C779E-8EF4-48BE-8561-8C982744D239}.Release|Any CPU.Build.0 = Release|Any CPU
		{F77D52CE-BEB9-47B7-BDE5-1B26D72B80A8}.Debug|Any CPU.ActiveCfg = Debug|Any CPU
		{F77D52CE-BEB9-47B7-BDE5-1B26D72B80A8}.Debug|Any CPU.Build.0 = Debug|Any CPU
		{F77D52CE-BEB9-47B7-BDE5-1B26D72B80A8}.Release|Any CPU.ActiveCfg = Release|Any CPU
		{F77D52CE-BEB9-47B7-BDE5-1B26D72B80A8}.Release|Any CPU.Build.0 = Release|Any CPU
		{2EDD5612-AFB6-4B9E-8B90-442A6025C7E7}.Debug|Any CPU.ActiveCfg = Debug|Any CPU
		{2EDD5612-AFB6-4B9E-8B90-442A6025C7E7}.Debug|Any CPU.Build.0 = Debug|Any CPU
		{2EDD5612-AFB6-4B9E-8B90-442A6025C7E7}.Release|Any CPU.ActiveCfg = Release|Any CPU
		{2EDD5612-AFB6-4B9E-8B90-442A6025C7E7}.Release|Any CPU.Build.0 = Release|Any CPU
		{841DA1D6-8952-4D5C-B3F5-C2923A9F9423}.Debug|Any CPU.ActiveCfg = Debug|Any CPU
		{841DA1D6-8952-4D5C-B3F5-C2923A9F9423}.Debug|Any CPU.Build.0 = Debug|Any CPU
		{841DA1D6-8952-4D5C-B3F5-C2923A9F9423}.Release|Any CPU.ActiveCfg = Release|Any CPU
		{841DA1D6-8952-4D5C-B3F5-C2923A9F9423}.Release|Any CPU.Build.0 = Release|Any CPU
		{035D5E22-9578-410C-ACFD-93DBD2D29D36}.Debug|Any CPU.ActiveCfg = Debug|Any CPU
		{035D5E22-9578-410C-ACFD-93DBD2D29D36}.Debug|Any CPU.Build.0 = Debug|Any CPU
		{035D5E22-9578-410C-ACFD-93DBD2D29D36}.Release|Any CPU.ActiveCfg = Release|Any CPU
		{035D5E22-9578-410C-ACFD-93DBD2D29D36}.Release|Any CPU.Build.0 = Release|Any CPU
		{8D1AE5EE-FA89-4658-B514-F63B7C5FA6A0}.Debug|Any CPU.ActiveCfg = Debug|Any CPU
		{8D1AE5EE-FA89-4658-B514-F63B7C5FA6A0}.Debug|Any CPU.Build.0 = Debug|Any CPU
		{8D1AE5EE-FA89-4658-B514-F63B7C5FA6A0}.Release|Any CPU.ActiveCfg = Release|Any CPU
		{8D1AE5EE-FA89-4658-B514-F63B7C5FA6A0}.Release|Any CPU.Build.0 = Release|Any CPU
		{7D35BF90-3974-453D-946A-BF10F53019E8}.Debug|Any CPU.ActiveCfg = Debug|Any CPU
		{7D35BF90-3974-453D-946A-BF10F53019E8}.Debug|Any CPU.Build.0 = Debug|Any CPU
		{7D35BF90-3974-453D-946A-BF10F53019E8}.Release|Any CPU.ActiveCfg = Release|Any CPU
		{7D35BF90-3974-453D-946A-BF10F53019E8}.Release|Any CPU.Build.0 = Release|Any CPU
		{A818F0ED-1FF7-47D8-82D2-6986A8E71B0C}.Debug|Any CPU.ActiveCfg = Debug|Any CPU
		{A818F0ED-1FF7-47D8-82D2-6986A8E71B0C}.Debug|Any CPU.Build.0 = Debug|Any CPU
		{A818F0ED-1FF7-47D8-82D2-6986A8E71B0C}.Release|Any CPU.ActiveCfg = Release|Any CPU
		{A818F0ED-1FF7-47D8-82D2-6986A8E71B0C}.Release|Any CPU.Build.0 = Release|Any CPU
		{0A28223C-4183-4CDB-9C1A-0614DCB1FBA9}.Debug|Any CPU.ActiveCfg = Debug|Any CPU
		{0A28223C-4183-4CDB-9C1A-0614DCB1FBA9}.Debug|Any CPU.Build.0 = Debug|Any CPU
		{0A28223C-4183-4CDB-9C1A-0614DCB1FBA9}.Release|Any CPU.ActiveCfg = Release|Any CPU
		{0A28223C-4183-4CDB-9C1A-0614DCB1FBA9}.Release|Any CPU.Build.0 = Release|Any CPU
		{1EC489C1-8930-4E41-9AB0-3A6B3870E8D8}.Debug|Any CPU.ActiveCfg = Debug|Any CPU
		{1EC489C1-8930-4E41-9AB0-3A6B3870E8D8}.Debug|Any CPU.Build.0 = Debug|Any CPU
		{1EC489C1-8930-4E41-9AB0-3A6B3870E8D8}.Release|Any CPU.ActiveCfg = Release|Any CPU
		{1EC489C1-8930-4E41-9AB0-3A6B3870E8D8}.Release|Any CPU.Build.0 = Release|Any CPU
		{42686B83-3DFA-49C0-9CB2-E20D098B1142}.Debug|Any CPU.ActiveCfg = Debug|Any CPU
		{42686B83-3DFA-49C0-9CB2-E20D098B1142}.Debug|Any CPU.Build.0 = Debug|Any CPU
		{42686B83-3DFA-49C0-9CB2-E20D098B1142}.Release|Any CPU.ActiveCfg = Release|Any CPU
		{42686B83-3DFA-49C0-9CB2-E20D098B1142}.Release|Any CPU.Build.0 = Release|Any CPU
		{0B3C5FB4-DD29-49BB-AD8E-8BACC2C048CA}.Debug|Any CPU.ActiveCfg = Debug|Any CPU
		{0B3C5FB4-DD29-49BB-AD8E-8BACC2C048CA}.Debug|Any CPU.Build.0 = Debug|Any CPU
		{0B3C5FB4-DD29-49BB-AD8E-8BACC2C048CA}.Release|Any CPU.ActiveCfg = Release|Any CPU
		{0B3C5FB4-DD29-49BB-AD8E-8BACC2C048CA}.Release|Any CPU.Build.0 = Release|Any CPU
		{6B41C526-4280-46D9-BE3B-E3986783C667}.Debug|Any CPU.ActiveCfg = Debug|Any CPU
		{6B41C526-4280-46D9-BE3B-E3986783C667}.Debug|Any CPU.Build.0 = Debug|Any CPU
		{6B41C526-4280-46D9-BE3B-E3986783C667}.Release|Any CPU.ActiveCfg = Release|Any CPU
		{6B41C526-4280-46D9-BE3B-E3986783C667}.Release|Any CPU.Build.0 = Release|Any CPU
	EndGlobalSection
	GlobalSection(SolutionProperties) = preSolution
		HideSolutionNode = FALSE
	EndGlobalSection
	GlobalSection(NestedProjects) = preSolution
		{97523706-1FBC-4261-9ED9-F9CF7A0F16A5} = {8E391CC7-B26D-41ED-BAC8-0EE5F926B050}
		{3540179D-A33B-4816-B973-A1C701450030} = {8E391CC7-B26D-41ED-BAC8-0EE5F926B050}
		{F418A574-42A1-4069-8D14-3657FAC6F825} = {8E391CC7-B26D-41ED-BAC8-0EE5F926B050}
		{B92C779E-8EF4-48BE-8561-8C982744D239} = {8E391CC7-B26D-41ED-BAC8-0EE5F926B050}
		{F77D52CE-BEB9-47B7-BDE5-1B26D72B80A8} = {8E391CC7-B26D-41ED-BAC8-0EE5F926B050}
		{2EDD5612-AFB6-4B9E-8B90-442A6025C7E7} = {8E391CC7-B26D-41ED-BAC8-0EE5F926B050}
		{841DA1D6-8952-4D5C-B3F5-C2923A9F9423} = {8E391CC7-B26D-41ED-BAC8-0EE5F926B050}
		{035D5E22-9578-410C-ACFD-93DBD2D29D36} = {8E391CC7-B26D-41ED-BAC8-0EE5F926B050}
		{8D1AE5EE-FA89-4658-B514-F63B7C5FA6A0} = {8E391CC7-B26D-41ED-BAC8-0EE5F926B050}
		{7D35BF90-3974-453D-946A-BF10F53019E8} = {8E391CC7-B26D-41ED-BAC8-0EE5F926B050}
		{A818F0ED-1FF7-47D8-82D2-6986A8E71B0C} = {8E391CC7-B26D-41ED-BAC8-0EE5F926B050}
		{0A28223C-4183-4CDB-9C1A-0614DCB1FBA9} = {8E391CC7-B26D-41ED-BAC8-0EE5F926B050}
		{1EC489C1-8930-4E41-9AB0-3A6B3870E8D8} = {8E391CC7-B26D-41ED-BAC8-0EE5F926B050}
		{42686B83-3DFA-49C0-9CB2-E20D098B1142} = {8E391CC7-B26D-41ED-BAC8-0EE5F926B050}
		{0B3C5FB4-DD29-49BB-AD8E-8BACC2C048CA} = {8E391CC7-B26D-41ED-BAC8-0EE5F926B050}
		{6B41C526-4280-46D9-BE3B-E3986783C667} = {8E391CC7-B26D-41ED-BAC8-0EE5F926B050}
	EndGlobalSection
	GlobalSection(ExtensibilityGlobals) = postSolution
		SolutionGuid = {0FA70F02-2BC1-468C-B018-56F751777316}
	EndGlobalSection
EndGlobal
