
Microsoft Visual Studio Solution File, Format Version 12.00
# Visual Studio Version 17
VisualStudioVersion = 17.2.32602.215
MinimumVisualStudioVersion = 10.0.40219.1
Project("{FAE04EC0-301F-11D3-BF4B-00C04F79EFBC}") = "DesafioPedido", "DesafioPedido\DesafioPedido.csproj", "{55DF42B5-1C0F-4AC1-8AE6-1F96ACEDB8EF}"
EndProject
Global
	GlobalSection(SolutionConfigurationPlatforms) = preSolution
		Debug|Any CPU = Debug|Any CPU
		Release|Any CPU = Release|Any CPU
	EndGlobalSection
	GlobalSection(ProjectConfigurationPlatforms) = postSolution
		{55DF42B5-1C0F-4AC1-8AE6-1F96ACEDB8EF}.Debug|Any CPU.ActiveCfg = Debug|Any CPU
		{55DF42B5-1C0F-4AC1-8AE6-1F96ACEDB8EF}.Debug|Any CPU.Build.0 = Debug|Any CPU
		{55DF42B5-1C0F-4AC1-8AE6-1F96ACEDB8EF}.Release|Any CPU.ActiveCfg = Release|Any CPU
		{55DF42B5-1C0F-4AC1-8AE6-1F96ACEDB8EF}.Release|Any CPU.Build.0 = Release|Any CPU
	EndGlobalSection
	GlobalSection(SolutionProperties) = preSolution
		HideSolutionNode = FALSE
	EndGlobalSection
	GlobalSection(ExtensibilityGlobals) = postSolution
		SolutionGuid = {D7B1CBE2-87B5-478B-A437-2A8A46734DA5}
	EndGlobalSection
EndGlobal
