
Microsoft Visual Studio Solution File, Format Version 12.00
# Visual Studio Version 17
VisualStudioVersion = 17.2.32630.192
MinimumVisualStudioVersion = 10.0.40219.1
Project("{FAE04EC0-301F-11D3-BF4B-00C04F79EFBC}") = "SaqueConta", "SaqueConta\SaqueConta.csproj", "{BDCF0393-FB21-4391-98D4-D1B7C865C560}"
EndProject
Global
	GlobalSection(SolutionConfigurationPlatforms) = preSolution
		Debug|Any CPU = Debug|Any CPU
		Release|Any CPU = Release|Any CPU
	EndGlobalSection
	GlobalSection(ProjectConfigurationPlatforms) = postSolution
		{BDCF0393-FB21-4391-98D4-D1B7C865C560}.Debug|Any CPU.ActiveCfg = Debug|Any CPU
		{BDCF0393-FB21-4391-98D4-D1B7C865C560}.Debug|Any CPU.Build.0 = Debug|Any CPU
		{BDCF0393-FB21-4391-98D4-D1B7C865C560}.Release|Any CPU.ActiveCfg = Release|Any CPU
		{BDCF0393-FB21-4391-98D4-D1B7C865C560}.Release|Any CPU.Build.0 = Release|Any CPU
	EndGlobalSection
	GlobalSection(SolutionProperties) = preSolution
		HideSolutionNode = FALSE
	EndGlobalSection
	GlobalSection(ExtensibilityGlobals) = postSolution
		SolutionGuid = {FF016B05-7B84-4BE8-BE85-1A302391856D}
	EndGlobalSection
EndGlobal
