
Microsoft Visual Studio Solution File, Format Version 12.00
# Visual Studio Version 17
VisualStudioVersion = 17.2.32616.157
MinimumVisualStudioVersion = 10.0.40219.1
Project("{FAE04EC0-301F-11D3-BF4B-00C04F79EFBC}") = "ContratosTrabalhadores", "ContratosTrabalhadores\ContratosTrabalhadores.csproj", "{353E3389-2E79-4032-ADF3-8DEBBDBCA822}"
EndProject
Global
	GlobalSection(SolutionConfigurationPlatforms) = preSolution
		Debug|Any CPU = Debug|Any CPU
		Release|Any CPU = Release|Any CPU
	EndGlobalSection
	GlobalSection(ProjectConfigurationPlatforms) = postSolution
		{353E3389-2E79-4032-ADF3-8DEBBDBCA822}.Debug|Any CPU.ActiveCfg = Debug|Any CPU
		{353E3389-2E79-4032-ADF3-8DEBBDBCA822}.Debug|Any CPU.Build.0 = Debug|Any CPU
		{353E3389-2E79-4032-ADF3-8DEBBDBCA822}.Release|Any CPU.ActiveCfg = Release|Any CPU
		{353E3389-2E79-4032-ADF3-8DEBBDBCA822}.Release|Any CPU.Build.0 = Release|Any CPU
	EndGlobalSection
	GlobalSection(SolutionProperties) = preSolution
		HideSolutionNode = FALSE
	EndGlobalSection
	GlobalSection(ExtensibilityGlobals) = postSolution
		SolutionGuid = {DF7B831B-8092-40D2-A76C-826EA1C904BC}
	EndGlobalSection
EndGlobal
