
Microsoft Visual Studio Solution File, Format Version 12.00
# Visual Studio Version 17
VisualStudioVersion = 17.2.32526.322
MinimumVisualStudioVersion = 10.0.40219.1
Project("{9A19103F-16F7-4668-BE54-9A1E7A4F7556}") = "volumeEsfera", "primeiroProjeto\volumeEsfera.csproj", "{A2A1EEA7-2294-4FF6-871E-FD2888570898}"
EndProject
Project("{9A19103F-16F7-4668-BE54-9A1E7A4F7556}") = "areaCirculo", "areaCirculo\areaCirculo.csproj", "{BE3FBD1C-E061-469D-8272-F99C2A1E2DF3}"
EndProject
Project("{9A19103F-16F7-4668-BE54-9A1E7A4F7556}") = "somaValores", "somaValores\somaValores.csproj", "{40459E80-6259-46FD-9893-83CF6BE9FF5C}"
EndProject
Project("{9A19103F-16F7-4668-BE54-9A1E7A4F7556}") = "mediaAluno", "mediaAluno\mediaAluno.csproj", "{CAA17411-4B3D-4C0B-B3BB-E7BA29127BA8}"
EndProject
Project("{9A19103F-16F7-4668-BE54-9A1E7A4F7556}") = "diferencaValores", "diferencaValores\diferencaValores.csproj", "{6B3EA61B-188F-4A3E-B2A4-D3EE8E6FF3C5}"
EndProject
Project("{9A19103F-16F7-4668-BE54-9A1E7A4F7556}") = "salario", "salario\salario.csproj", "{00651620-3AB2-4BDA-BF3B-41DB69012F6C}"
EndProject
Project("{9A19103F-16F7-4668-BE54-9A1E7A4F7556}") = "salarioComposto", "salarioComposto\salarioComposto.csproj", "{79702FFB-5506-4E53-8662-1D02B405E463}"
EndProject
Project("{9A19103F-16F7-4668-BE54-9A1E7A4F7556}") = "totalVenda", "totalVenda\totalVenda.csproj", "{C3A477FE-0744-45A3-8F49-ED6125498712}"
EndProject
Project("{9A19103F-16F7-4668-BE54-9A1E7A4F7556}") = "valorMaior", "valorMaior\valorMaior.csproj", "{C7582A91-9192-48F9-89A8-2B9917D55F60}"
EndProject
Project("{9A19103F-16F7-4668-BE54-9A1E7A4F7556}") = "consumoCombustivel", "consumoCombustivel\consumoCombustivel.csproj", "{9AE105CF-0709-40E6-9D50-D64FE91CFC60}"
EndProject
Project("{9A19103F-16F7-4668-BE54-9A1E7A4F7556}") = "distanciaDoisPontos", "distanciaDoisPontos\distanciaDoisPontos.csproj", "{75CD5B3C-7B84-4AC2-89AA-6874432C1F46}"
EndProject
Project("{9A19103F-16F7-4668-BE54-9A1E7A4F7556}") = "combustivelGasto", "combustivelGasto\combustivelGasto.csproj", "{B028471F-B5ED-4391-B20A-C00F8B9978FD}"
EndProject
Project("{9A19103F-16F7-4668-BE54-9A1E7A4F7556}") = "areaRetangulo", "areaRetangulo\areaRetangulo.csproj", "{0F867BD9-372A-49E6-9FAF-5B0252582DBF}"
EndProject
Project("{9A19103F-16F7-4668-BE54-9A1E7A4F7556}") = "idadeMediaDuasPessoas", "idadeMediaDuasPessoas\idadeMediaDuasPessoas.csproj", "{59F8BB40-DE5C-4554-ABC1-ADCF31B7BD8F}"
EndProject
Project("{9A19103F-16F7-4668-BE54-9A1E7A4F7556}") = "dataNascimento", "dataNascimento\dataNascimento.csproj", "{55229FFD-EC8C-411E-B683-5DA64977384D}"
EndProject
Project("{9A19103F-16F7-4668-BE54-9A1E7A4F7556}") = "vetorNotasAlunos", "vetorNotasAlunos\vetorNotasAlunos.csproj", "{0C7731DC-E17D-42A7-8029-3F7415B06FB3}"
EndProject
Project("{2150E333-8FDC-42A3-9474-1A3956D46DE8}") = "Básico", "Básico", "{22E90E71-6BEF-4614-84F8-C21DBA3A97A4}"
EndProject
Project("{2150E333-8FDC-42A3-9474-1A3956D46DE8}") = "Estrutura de Condição", "Estrutura de Condição", "{15C65415-F614-4916-A380-0230EE3B387C}"
EndProject
Project("{9A19103F-16F7-4668-BE54-9A1E7A4F7556}") = "statusAluno", "if\statusAluno.csproj", "{9DFC9E7D-133E-434D-8212-31E9C479977F}"
EndProject
Project("{9A19103F-16F7-4668-BE54-9A1E7A4F7556}") = "formulaBhaskara", "formulaBhaskara\formulaBhaskara.csproj", "{FC02DF0C-4A7A-417C-939D-DD1A5986D0EA}"
EndProject
Project("{9A19103F-16F7-4668-BE54-9A1E7A4F7556}") = "numeroMaior", "numeroMaior\numeroMaior.csproj", "{0AE71918-3A56-4174-8811-295B7F4B2FFC}"
EndProject
Project("{9A19103F-16F7-4668-BE54-9A1E7A4F7556}") = "multiplos", "multiplos\multiplos.csproj", "{B0D9F5BB-DBFF-42DB-AD00-B8E60993BD20}"
EndProject
Project("{9A19103F-16F7-4668-BE54-9A1E7A4F7556}") = "duracaoJogo", "duracaoJogo\duracaoJogo.csproj", "{DD0C6AD3-9E79-4E93-8314-AEDF014F0253}"
EndProject
Project("{9A19103F-16F7-4668-BE54-9A1E7A4F7556}") = "aumentoSalario", "aumentoSalario\aumentoSalario.csproj", "{2580460A-4853-4C1E-BE40-FBDD83ECBEC6}"
EndProject
Project("{2150E333-8FDC-42A3-9474-1A3956D46DE8}") = "Estrutura de Repetição", "Estrutura de Repetição", "{99605961-7A5D-4DCC-A534-518435C24BBC}"
EndProject
Project("{9A19103F-16F7-4668-BE54-9A1E7A4F7556}") = "lerNumerosAteZero", "lerNumerosAteZero\lerNumerosAteZero.csproj", "{CD7BD9CF-059B-4A31-94FF-B957670F6EFD}"
EndProject
Project("{9A19103F-16F7-4668-BE54-9A1E7A4F7556}") = "crescenteDecrescente", "crescenteDecrescente\crescenteDecrescente.csproj", "{734EB3FC-D576-448E-8B35-21ACC176060E}"
EndProject
Project("{9A19103F-16F7-4668-BE54-9A1E7A4F7556}") = "idadeNegativa", "idadeNegativa\idadeNegativa.csproj", "{6094B1DE-71E3-434E-899F-964D38743F26}"
EndProject
Project("{9A19103F-16F7-4668-BE54-9A1E7A4F7556}") = "senhaCorreta", "senhaCorreta\senhaCorreta.csproj", "{562D817C-B441-4F8D-8B98-51EBB6870049}"
EndProject
Project("{9A19103F-16F7-4668-BE54-9A1E7A4F7556}") = "planoCartesiano", "planoCartesiano\planoCartesiano.csproj", "{719170A9-D9E8-41A2-97FE-19C2AC43EE49}"
EndProject
Project("{9A19103F-16F7-4668-BE54-9A1E7A4F7556}") = "combustivelPreferido", "combustivelPreferido\combustivelPreferido.csproj", "{183EFE45-2AED-40C4-BC4B-20D3A6F08315}"
EndProject
Project("{2150E333-8FDC-42A3-9474-1A3956D46DE8}") = "Estrutura Para", "Estrutura Para", "{5F8BF474-82CB-4D47-8252-B2AB109085D8}"
EndProject
Project("{9A19103F-16F7-4668-BE54-9A1E7A4F7556}") = "listaNumerosFor", "listaNumerosFor\listaNumerosFor.csproj", "{708CE14F-D0A0-44D6-8DC8-C4AF3F81164A}"
EndProject
Project("{9A19103F-16F7-4668-BE54-9A1E7A4F7556}") = "tabuadaMultiplicacao", "taboada\tabuadaMultiplicacao.csproj", "{3FC946DB-52E3-46F7-A948-4A04B64A3EAE}"
EndProject
Project("{2150E333-8FDC-42A3-9474-1A3956D46DE8}") = "Vetores", "Vetores", "{77BF76C1-F953-446C-937C-E1521A3236FA}"
EndProject
Project("{9A19103F-16F7-4668-BE54-9A1E7A4F7556}") = "VetorNomePessoas", "vetorNomePessoas\VetorNomePessoas.csproj", "{302BD603-6F3B-42F4-B5D9-C23CF409433B}"
EndProject
Project("{9A19103F-16F7-4668-BE54-9A1E7A4F7556}") = "numeroNegativo", "numeroNegativo\numeroNegativo.csproj", "{A2A4DC78-89C1-40B8-8F78-5FD8776CAA6C}"
EndProject
Project("{9A19103F-16F7-4668-BE54-9A1E7A4F7556}") = "VetorSomaMedia", "vetorSomaMedia\VetorSomaMedia.csproj", "{7FE002C6-347B-4D89-B1AD-82F60A2EA940}"
EndProject
Project("{9A19103F-16F7-4668-BE54-9A1E7A4F7556}") = "pessoasIdade", "pessoasIdade\pessoasIdade.csproj", "{7247B9FE-C7A0-4BB5-BC1A-593445DA8B8D}"
EndProject
Project("{9A19103F-16F7-4668-BE54-9A1E7A4F7556}") = "VetorNumeroMaior", "vetorNumeroMaior\VetorNumeroMaior.csproj", "{9F38B81F-2847-4318-BC67-695F98C0D775}"
EndProject
Project("{2150E333-8FDC-42A3-9474-1A3956D46DE8}") = "Matrizes", "Matrizes", "{001920A7-0693-4F54-A745-99F39CC1B5A3}"
EndProject
Project("{9A19103F-16F7-4668-BE54-9A1E7A4F7556}") = "matrizInicial", "matrizInicial\matrizInicial.csproj", "{43275F4A-661F-468E-ABB1-7D8236FA30AA}"
EndProject
Global
	GlobalSection(SolutionConfigurationPlatforms) = preSolution
		Debug|Any CPU = Debug|Any CPU
		Release|Any CPU = Release|Any CPU
	EndGlobalSection
	GlobalSection(ProjectConfigurationPlatforms) = postSolution
		{A2A1EEA7-2294-4FF6-871E-FD2888570898}.Debug|Any CPU.ActiveCfg = Debug|Any CPU
		{A2A1EEA7-2294-4FF6-871E-FD2888570898}.Debug|Any CPU.Build.0 = Debug|Any CPU
		{A2A1EEA7-2294-4FF6-871E-FD2888570898}.Release|Any CPU.ActiveCfg = Release|Any CPU
		{A2A1EEA7-2294-4FF6-871E-FD2888570898}.Release|Any CPU.Build.0 = Release|Any CPU
		{BE3FBD1C-E061-469D-8272-F99C2A1E2DF3}.Debug|Any CPU.ActiveCfg = Debug|Any CPU
		{BE3FBD1C-E061-469D-8272-F99C2A1E2DF3}.Debug|Any CPU.Build.0 = Debug|Any CPU
		{BE3FBD1C-E061-469D-8272-F99C2A1E2DF3}.Release|Any CPU.ActiveCfg = Release|Any CPU
		{BE3FBD1C-E061-469D-8272-F99C2A1E2DF3}.Release|Any CPU.Build.0 = Release|Any CPU
		{40459E80-6259-46FD-9893-83CF6BE9FF5C}.Debug|Any CPU.ActiveCfg = Debug|Any CPU
		{40459E80-6259-46FD-9893-83CF6BE9FF5C}.Debug|Any CPU.Build.0 = Debug|Any CPU
		{40459E80-6259-46FD-9893-83CF6BE9FF5C}.Release|Any CPU.ActiveCfg = Release|Any CPU
		{40459E80-6259-46FD-9893-83CF6BE9FF5C}.Release|Any CPU.Build.0 = Release|Any CPU
		{CAA17411-4B3D-4C0B-B3BB-E7BA29127BA8}.Debug|Any CPU.ActiveCfg = Debug|Any CPU
		{CAA17411-4B3D-4C0B-B3BB-E7BA29127BA8}.Debug|Any CPU.Build.0 = Debug|Any CPU
		{CAA17411-4B3D-4C0B-B3BB-E7BA29127BA8}.Release|Any CPU.ActiveCfg = Release|Any CPU
		{CAA17411-4B3D-4C0B-B3BB-E7BA29127BA8}.Release|Any CPU.Build.0 = Release|Any CPU
		{6B3EA61B-188F-4A3E-B2A4-D3EE8E6FF3C5}.Debug|Any CPU.ActiveCfg = Debug|Any CPU
		{6B3EA61B-188F-4A3E-B2A4-D3EE8E6FF3C5}.Debug|Any CPU.Build.0 = Debug|Any CPU
		{6B3EA61B-188F-4A3E-B2A4-D3EE8E6FF3C5}.Release|Any CPU.ActiveCfg = Release|Any CPU
		{6B3EA61B-188F-4A3E-B2A4-D3EE8E6FF3C5}.Release|Any CPU.Build.0 = Release|Any CPU
		{00651620-3AB2-4BDA-BF3B-41DB69012F6C}.Debug|Any CPU.ActiveCfg = Debug|Any CPU
		{00651620-3AB2-4BDA-BF3B-41DB69012F6C}.Debug|Any CPU.Build.0 = Debug|Any CPU
		{00651620-3AB2-4BDA-BF3B-41DB69012F6C}.Release|Any CPU.ActiveCfg = Release|Any CPU
		{00651620-3AB2-4BDA-BF3B-41DB69012F6C}.Release|Any CPU.Build.0 = Release|Any CPU
		{79702FFB-5506-4E53-8662-1D02B405E463}.Debug|Any CPU.ActiveCfg = Debug|Any CPU
		{79702FFB-5506-4E53-8662-1D02B405E463}.Debug|Any CPU.Build.0 = Debug|Any CPU
		{79702FFB-5506-4E53-8662-1D02B405E463}.Release|Any CPU.ActiveCfg = Release|Any CPU
		{79702FFB-5506-4E53-8662-1D02B405E463}.Release|Any CPU.Build.0 = Release|Any CPU
		{C3A477FE-0744-45A3-8F49-ED6125498712}.Debug|Any CPU.ActiveCfg = Debug|Any CPU
		{C3A477FE-0744-45A3-8F49-ED6125498712}.Debug|Any CPU.Build.0 = Debug|Any CPU
		{C3A477FE-0744-45A3-8F49-ED6125498712}.Release|Any CPU.ActiveCfg = Release|Any CPU
		{C3A477FE-0744-45A3-8F49-ED6125498712}.Release|Any CPU.Build.0 = Release|Any CPU
		{C7582A91-9192-48F9-89A8-2B9917D55F60}.Debug|Any CPU.ActiveCfg = Debug|Any CPU
		{C7582A91-9192-48F9-89A8-2B9917D55F60}.Debug|Any CPU.Build.0 = Debug|Any CPU
		{C7582A91-9192-48F9-89A8-2B9917D55F60}.Release|Any CPU.ActiveCfg = Release|Any CPU
		{C7582A91-9192-48F9-89A8-2B9917D55F60}.Release|Any CPU.Build.0 = Release|Any CPU
		{9AE105CF-0709-40E6-9D50-D64FE91CFC60}.Debug|Any CPU.ActiveCfg = Debug|Any CPU
		{9AE105CF-0709-40E6-9D50-D64FE91CFC60}.Debug|Any CPU.Build.0 = Debug|Any CPU
		{9AE105CF-0709-40E6-9D50-D64FE91CFC60}.Release|Any CPU.ActiveCfg = Release|Any CPU
		{9AE105CF-0709-40E6-9D50-D64FE91CFC60}.Release|Any CPU.Build.0 = Release|Any CPU
		{75CD5B3C-7B84-4AC2-89AA-6874432C1F46}.Debug|Any CPU.ActiveCfg = Debug|Any CPU
		{75CD5B3C-7B84-4AC2-89AA-6874432C1F46}.Debug|Any CPU.Build.0 = Debug|Any CPU
		{75CD5B3C-7B84-4AC2-89AA-6874432C1F46}.Release|Any CPU.ActiveCfg = Release|Any CPU
		{75CD5B3C-7B84-4AC2-89AA-6874432C1F46}.Release|Any CPU.Build.0 = Release|Any CPU
		{B028471F-B5ED-4391-B20A-C00F8B9978FD}.Debug|Any CPU.ActiveCfg = Debug|Any CPU
		{B028471F-B5ED-4391-B20A-C00F8B9978FD}.Debug|Any CPU.Build.0 = Debug|Any CPU
		{B028471F-B5ED-4391-B20A-C00F8B9978FD}.Release|Any CPU.ActiveCfg = Release|Any CPU
		{B028471F-B5ED-4391-B20A-C00F8B9978FD}.Release|Any CPU.Build.0 = Release|Any CPU
		{0F867BD9-372A-49E6-9FAF-5B0252582DBF}.Debug|Any CPU.ActiveCfg = Debug|Any CPU
		{0F867BD9-372A-49E6-9FAF-5B0252582DBF}.Debug|Any CPU.Build.0 = Debug|Any CPU
		{0F867BD9-372A-49E6-9FAF-5B0252582DBF}.Release|Any CPU.ActiveCfg = Release|Any CPU
		{0F867BD9-372A-49E6-9FAF-5B0252582DBF}.Release|Any CPU.Build.0 = Release|Any CPU
		{59F8BB40-DE5C-4554-ABC1-ADCF31B7BD8F}.Debug|Any CPU.ActiveCfg = Debug|Any CPU
		{59F8BB40-DE5C-4554-ABC1-ADCF31B7BD8F}.Debug|Any CPU.Build.0 = Debug|Any CPU
		{59F8BB40-DE5C-4554-ABC1-ADCF31B7BD8F}.Release|Any CPU.ActiveCfg = Release|Any CPU
		{59F8BB40-DE5C-4554-ABC1-ADCF31B7BD8F}.Release|Any CPU.Build.0 = Release|Any CPU
		{55229FFD-EC8C-411E-B683-5DA64977384D}.Debug|Any CPU.ActiveCfg = Debug|Any CPU
		{55229FFD-EC8C-411E-B683-5DA64977384D}.Debug|Any CPU.Build.0 = Debug|Any CPU
		{55229FFD-EC8C-411E-B683-5DA64977384D}.Release|Any CPU.ActiveCfg = Release|Any CPU
		{55229FFD-EC8C-411E-B683-5DA64977384D}.Release|Any CPU.Build.0 = Release|Any CPU
		{0C7731DC-E17D-42A7-8029-3F7415B06FB3}.Debug|Any CPU.ActiveCfg = Debug|Any CPU
		{0C7731DC-E17D-42A7-8029-3F7415B06FB3}.Debug|Any CPU.Build.0 = Debug|Any CPU
		{0C7731DC-E17D-42A7-8029-3F7415B06FB3}.Release|Any CPU.ActiveCfg = Release|Any CPU
		{0C7731DC-E17D-42A7-8029-3F7415B06FB3}.Release|Any CPU.Build.0 = Release|Any CPU
		{9DFC9E7D-133E-434D-8212-31E9C479977F}.Debug|Any CPU.ActiveCfg = Debug|Any CPU
		{9DFC9E7D-133E-434D-8212-31E9C479977F}.Debug|Any CPU.Build.0 = Debug|Any CPU
		{9DFC9E7D-133E-434D-8212-31E9C479977F}.Release|Any CPU.ActiveCfg = Release|Any CPU
		{9DFC9E7D-133E-434D-8212-31E9C479977F}.Release|Any CPU.Build.0 = Release|Any CPU
		{FC02DF0C-4A7A-417C-939D-DD1A5986D0EA}.Debug|Any CPU.ActiveCfg = Debug|Any CPU
		{FC02DF0C-4A7A-417C-939D-DD1A5986D0EA}.Debug|Any CPU.Build.0 = Debug|Any CPU
		{FC02DF0C-4A7A-417C-939D-DD1A5986D0EA}.Release|Any CPU.ActiveCfg = Release|Any CPU
		{FC02DF0C-4A7A-417C-939D-DD1A5986D0EA}.Release|Any CPU.Build.0 = Release|Any CPU
		{0AE71918-3A56-4174-8811-295B7F4B2FFC}.Debug|Any CPU.ActiveCfg = Debug|Any CPU
		{0AE71918-3A56-4174-8811-295B7F4B2FFC}.Debug|Any CPU.Build.0 = Debug|Any CPU
		{0AE71918-3A56-4174-8811-295B7F4B2FFC}.Release|Any CPU.ActiveCfg = Release|Any CPU
		{0AE71918-3A56-4174-8811-295B7F4B2FFC}.Release|Any CPU.Build.0 = Release|Any CPU
		{B0D9F5BB-DBFF-42DB-AD00-B8E60993BD20}.Debug|Any CPU.ActiveCfg = Debug|Any CPU
		{B0D9F5BB-DBFF-42DB-AD00-B8E60993BD20}.Debug|Any CPU.Build.0 = Debug|Any CPU
		{B0D9F5BB-DBFF-42DB-AD00-B8E60993BD20}.Release|Any CPU.ActiveCfg = Release|Any CPU
		{B0D9F5BB-DBFF-42DB-AD00-B8E60993BD20}.Release|Any CPU.Build.0 = Release|Any CPU
		{DD0C6AD3-9E79-4E93-8314-AEDF014F0253}.Debug|Any CPU.ActiveCfg = Debug|Any CPU
		{DD0C6AD3-9E79-4E93-8314-AEDF014F0253}.Debug|Any CPU.Build.0 = Debug|Any CPU
		{DD0C6AD3-9E79-4E93-8314-AEDF014F0253}.Release|Any CPU.ActiveCfg = Release|Any CPU
		{DD0C6AD3-9E79-4E93-8314-AEDF014F0253}.Release|Any CPU.Build.0 = Release|Any CPU
		{2580460A-4853-4C1E-BE40-FBDD83ECBEC6}.Debug|Any CPU.ActiveCfg = Debug|Any CPU
		{2580460A-4853-4C1E-BE40-FBDD83ECBEC6}.Debug|Any CPU.Build.0 = Debug|Any CPU
		{2580460A-4853-4C1E-BE40-FBDD83ECBEC6}.Release|Any CPU.ActiveCfg = Release|Any CPU
		{2580460A-4853-4C1E-BE40-FBDD83ECBEC6}.Release|Any CPU.Build.0 = Release|Any CPU
		{CD7BD9CF-059B-4A31-94FF-B957670F6EFD}.Debug|Any CPU.ActiveCfg = Debug|Any CPU
		{CD7BD9CF-059B-4A31-94FF-B957670F6EFD}.Debug|Any CPU.Build.0 = Debug|Any CPU
		{CD7BD9CF-059B-4A31-94FF-B957670F6EFD}.Release|Any CPU.ActiveCfg = Release|Any CPU
		{CD7BD9CF-059B-4A31-94FF-B957670F6EFD}.Release|Any CPU.Build.0 = Release|Any CPU
		{734EB3FC-D576-448E-8B35-21ACC176060E}.Debug|Any CPU.ActiveCfg = Debug|Any CPU
		{734EB3FC-D576-448E-8B35-21ACC176060E}.Debug|Any CPU.Build.0 = Debug|Any CPU
		{734EB3FC-D576-448E-8B35-21ACC176060E}.Release|Any CPU.ActiveCfg = Release|Any CPU
		{734EB3FC-D576-448E-8B35-21ACC176060E}.Release|Any CPU.Build.0 = Release|Any CPU
		{6094B1DE-71E3-434E-899F-964D38743F26}.Debug|Any CPU.ActiveCfg = Debug|Any CPU
		{6094B1DE-71E3-434E-899F-964D38743F26}.Debug|Any CPU.Build.0 = Debug|Any CPU
		{6094B1DE-71E3-434E-899F-964D38743F26}.Release|Any CPU.ActiveCfg = Release|Any CPU
		{6094B1DE-71E3-434E-899F-964D38743F26}.Release|Any CPU.Build.0 = Release|Any CPU
		{562D817C-B441-4F8D-8B98-51EBB6870049}.Debug|Any CPU.ActiveCfg = Debug|Any CPU
		{562D817C-B441-4F8D-8B98-51EBB6870049}.Debug|Any CPU.Build.0 = Debug|Any CPU
		{562D817C-B441-4F8D-8B98-51EBB6870049}.Release|Any CPU.ActiveCfg = Release|Any CPU
		{562D817C-B441-4F8D-8B98-51EBB6870049}.Release|Any CPU.Build.0 = Release|Any CPU
		{719170A9-D9E8-41A2-97FE-19C2AC43EE49}.Debug|Any CPU.ActiveCfg = Debug|Any CPU
		{719170A9-D9E8-41A2-97FE-19C2AC43EE49}.Debug|Any CPU.Build.0 = Debug|Any CPU
		{719170A9-D9E8-41A2-97FE-19C2AC43EE49}.Release|Any CPU.ActiveCfg = Release|Any CPU
		{719170A9-D9E8-41A2-97FE-19C2AC43EE49}.Release|Any CPU.Build.0 = Release|Any CPU
		{183EFE45-2AED-40C4-BC4B-20D3A6F08315}.Debug|Any CPU.ActiveCfg = Debug|Any CPU
		{183EFE45-2AED-40C4-BC4B-20D3A6F08315}.Debug|Any CPU.Build.0 = Debug|Any CPU
		{183EFE45-2AED-40C4-BC4B-20D3A6F08315}.Release|Any CPU.ActiveCfg = Release|Any CPU
		{183EFE45-2AED-40C4-BC4B-20D3A6F08315}.Release|Any CPU.Build.0 = Release|Any CPU
		{708CE14F-D0A0-44D6-8DC8-C4AF3F81164A}.Debug|Any CPU.ActiveCfg = Debug|Any CPU
		{708CE14F-D0A0-44D6-8DC8-C4AF3F81164A}.Debug|Any CPU.Build.0 = Debug|Any CPU
		{708CE14F-D0A0-44D6-8DC8-C4AF3F81164A}.Release|Any CPU.ActiveCfg = Release|Any CPU
		{708CE14F-D0A0-44D6-8DC8-C4AF3F81164A}.Release|Any CPU.Build.0 = Release|Any CPU
		{3FC946DB-52E3-46F7-A948-4A04B64A3EAE}.Debug|Any CPU.ActiveCfg = Debug|Any CPU
		{3FC946DB-52E3-46F7-A948-4A04B64A3EAE}.Debug|Any CPU.Build.0 = Debug|Any CPU
		{3FC946DB-52E3-46F7-A948-4A04B64A3EAE}.Release|Any CPU.ActiveCfg = Release|Any CPU
		{3FC946DB-52E3-46F7-A948-4A04B64A3EAE}.Release|Any CPU.Build.0 = Release|Any CPU
		{302BD603-6F3B-42F4-B5D9-C23CF409433B}.Debug|Any CPU.ActiveCfg = Debug|Any CPU
		{302BD603-6F3B-42F4-B5D9-C23CF409433B}.Debug|Any CPU.Build.0 = Debug|Any CPU
		{302BD603-6F3B-42F4-B5D9-C23CF409433B}.Release|Any CPU.ActiveCfg = Release|Any CPU
		{302BD603-6F3B-42F4-B5D9-C23CF409433B}.Release|Any CPU.Build.0 = Release|Any CPU
		{A2A4DC78-89C1-40B8-8F78-5FD8776CAA6C}.Debug|Any CPU.ActiveCfg = Debug|Any CPU
		{A2A4DC78-89C1-40B8-8F78-5FD8776CAA6C}.Debug|Any CPU.Build.0 = Debug|Any CPU
		{A2A4DC78-89C1-40B8-8F78-5FD8776CAA6C}.Release|Any CPU.ActiveCfg = Release|Any CPU
		{A2A4DC78-89C1-40B8-8F78-5FD8776CAA6C}.Release|Any CPU.Build.0 = Release|Any CPU
		{7FE002C6-347B-4D89-B1AD-82F60A2EA940}.Debug|Any CPU.ActiveCfg = Debug|Any CPU
		{7FE002C6-347B-4D89-B1AD-82F60A2EA940}.Debug|Any CPU.Build.0 = Debug|Any CPU
		{7FE002C6-347B-4D89-B1AD-82F60A2EA940}.Release|Any CPU.ActiveCfg = Release|Any CPU
		{7FE002C6-347B-4D89-B1AD-82F60A2EA940}.Release|Any CPU.Build.0 = Release|Any CPU
		{7247B9FE-C7A0-4BB5-BC1A-593445DA8B8D}.Debug|Any CPU.ActiveCfg = Debug|Any CPU
		{7247B9FE-C7A0-4BB5-BC1A-593445DA8B8D}.Debug|Any CPU.Build.0 = Debug|Any CPU
		{7247B9FE-C7A0-4BB5-BC1A-593445DA8B8D}.Release|Any CPU.ActiveCfg = Release|Any CPU
		{7247B9FE-C7A0-4BB5-BC1A-593445DA8B8D}.Release|Any CPU.Build.0 = Release|Any CPU
		{9F38B81F-2847-4318-BC67-695F98C0D775}.Debug|Any CPU.ActiveCfg = Debug|Any CPU
		{9F38B81F-2847-4318-BC67-695F98C0D775}.Debug|Any CPU.Build.0 = Debug|Any CPU
		{9F38B81F-2847-4318-BC67-695F98C0D775}.Release|Any CPU.ActiveCfg = Release|Any CPU
		{9F38B81F-2847-4318-BC67-695F98C0D775}.Release|Any CPU.Build.0 = Release|Any CPU
		{43275F4A-661F-468E-ABB1-7D8236FA30AA}.Debug|Any CPU.ActiveCfg = Debug|Any CPU
		{43275F4A-661F-468E-ABB1-7D8236FA30AA}.Debug|Any CPU.Build.0 = Debug|Any CPU
		{43275F4A-661F-468E-ABB1-7D8236FA30AA}.Release|Any CPU.ActiveCfg = Release|Any CPU
		{43275F4A-661F-468E-ABB1-7D8236FA30AA}.Release|Any CPU.Build.0 = Release|Any CPU
	EndGlobalSection
	GlobalSection(SolutionProperties) = preSolution
		HideSolutionNode = FALSE
	EndGlobalSection
	GlobalSection(NestedProjects) = preSolution
		{A2A1EEA7-2294-4FF6-871E-FD2888570898} = {22E90E71-6BEF-4614-84F8-C21DBA3A97A4}
		{BE3FBD1C-E061-469D-8272-F99C2A1E2DF3} = {22E90E71-6BEF-4614-84F8-C21DBA3A97A4}
		{40459E80-6259-46FD-9893-83CF6BE9FF5C} = {22E90E71-6BEF-4614-84F8-C21DBA3A97A4}
		{CAA17411-4B3D-4C0B-B3BB-E7BA29127BA8} = {22E90E71-6BEF-4614-84F8-C21DBA3A97A4}
		{6B3EA61B-188F-4A3E-B2A4-D3EE8E6FF3C5} = {22E90E71-6BEF-4614-84F8-C21DBA3A97A4}
		{00651620-3AB2-4BDA-BF3B-41DB69012F6C} = {22E90E71-6BEF-4614-84F8-C21DBA3A97A4}
		{79702FFB-5506-4E53-8662-1D02B405E463} = {22E90E71-6BEF-4614-84F8-C21DBA3A97A4}
		{C3A477FE-0744-45A3-8F49-ED6125498712} = {22E90E71-6BEF-4614-84F8-C21DBA3A97A4}
		{C7582A91-9192-48F9-89A8-2B9917D55F60} = {22E90E71-6BEF-4614-84F8-C21DBA3A97A4}
		{9AE105CF-0709-40E6-9D50-D64FE91CFC60} = {22E90E71-6BEF-4614-84F8-C21DBA3A97A4}
		{75CD5B3C-7B84-4AC2-89AA-6874432C1F46} = {22E90E71-6BEF-4614-84F8-C21DBA3A97A4}
		{B028471F-B5ED-4391-B20A-C00F8B9978FD} = {22E90E71-6BEF-4614-84F8-C21DBA3A97A4}
		{0F867BD9-372A-49E6-9FAF-5B0252582DBF} = {22E90E71-6BEF-4614-84F8-C21DBA3A97A4}
		{59F8BB40-DE5C-4554-ABC1-ADCF31B7BD8F} = {22E90E71-6BEF-4614-84F8-C21DBA3A97A4}
		{55229FFD-EC8C-411E-B683-5DA64977384D} = {22E90E71-6BEF-4614-84F8-C21DBA3A97A4}
		{0C7731DC-E17D-42A7-8029-3F7415B06FB3} = {22E90E71-6BEF-4614-84F8-C21DBA3A97A4}
		{9DFC9E7D-133E-434D-8212-31E9C479977F} = {15C65415-F614-4916-A380-0230EE3B387C}
		{FC02DF0C-4A7A-417C-939D-DD1A5986D0EA} = {15C65415-F614-4916-A380-0230EE3B387C}
		{0AE71918-3A56-4174-8811-295B7F4B2FFC} = {15C65415-F614-4916-A380-0230EE3B387C}
		{B0D9F5BB-DBFF-42DB-AD00-B8E60993BD20} = {15C65415-F614-4916-A380-0230EE3B387C}
		{DD0C6AD3-9E79-4E93-8314-AEDF014F0253} = {15C65415-F614-4916-A380-0230EE3B387C}
		{2580460A-4853-4C1E-BE40-FBDD83ECBEC6} = {15C65415-F614-4916-A380-0230EE3B387C}
		{CD7BD9CF-059B-4A31-94FF-B957670F6EFD} = {99605961-7A5D-4DCC-A534-518435C24BBC}
		{734EB3FC-D576-448E-8B35-21ACC176060E} = {99605961-7A5D-4DCC-A534-518435C24BBC}
		{6094B1DE-71E3-434E-899F-964D38743F26} = {99605961-7A5D-4DCC-A534-518435C24BBC}
		{562D817C-B441-4F8D-8B98-51EBB6870049} = {99605961-7A5D-4DCC-A534-518435C24BBC}
		{719170A9-D9E8-41A2-97FE-19C2AC43EE49} = {99605961-7A5D-4DCC-A534-518435C24BBC}
		{183EFE45-2AED-40C4-BC4B-20D3A6F08315} = {99605961-7A5D-4DCC-A534-518435C24BBC}
		{708CE14F-D0A0-44D6-8DC8-C4AF3F81164A} = {5F8BF474-82CB-4D47-8252-B2AB109085D8}
		{3FC946DB-52E3-46F7-A948-4A04B64A3EAE} = {5F8BF474-82CB-4D47-8252-B2AB109085D8}
		{302BD603-6F3B-42F4-B5D9-C23CF409433B} = {77BF76C1-F953-446C-937C-E1521A3236FA}
		{A2A4DC78-89C1-40B8-8F78-5FD8776CAA6C} = {77BF76C1-F953-446C-937C-E1521A3236FA}
		{7FE002C6-347B-4D89-B1AD-82F60A2EA940} = {77BF76C1-F953-446C-937C-E1521A3236FA}
		{7247B9FE-C7A0-4BB5-BC1A-593445DA8B8D} = {77BF76C1-F953-446C-937C-E1521A3236FA}
		{9F38B81F-2847-4318-BC67-695F98C0D775} = {77BF76C1-F953-446C-937C-E1521A3236FA}
		{43275F4A-661F-468E-ABB1-7D8236FA30AA} = {001920A7-0693-4F54-A745-99F39CC1B5A3}
	EndGlobalSection
	GlobalSection(ExtensibilityGlobals) = postSolution
		SolutionGuid = {4F332CB8-A4FA-4A4C-BDB1-096B8CE278E6}
	EndGlobalSection
EndGlobal
